go.seankhliao.com/goreleases v0.0.0-20220606145432-c236a2be1ebf h1:gWLtZqdlJ5wMVrPb5qvQTqaHVtGPjeneWvu0OO7/a5s=
go.seankhliao.com/goreleases v0.0.0-20220606145432-c236a2be1ebf/go.mod h1:Gtbc/RIgYyE/6mKojfBEI2nPYqXXeZXF29gHHdFy6is=
golang.org/x/exp v0.0.0-20220608143224-64259d1afd70 h1:8uGxpY2cLF9H/NSHUiEWUIBZqIcsMzMWIMPCCUkyYgc=
golang.org/x/exp v0.0.0-20220608143224-64259d1afd70/go.mod h1:yh0Ynu2b5ZUe3MQfp2nM0ecK7wsgouWTDN0FNeJuIys=
